
Microsoft Visual Studio Solution File, Format Version 12.00
# Visual Studio 15
VisualStudioVersion = 15.0.27703.2042
MinimumVisualStudioVersion = 10.0.40219.1
Project("{FAE04EC0-301F-11D3-BF4B-00C04F79EFBC}") = "Shuxiao.Cit", "Shuxiao.Cit\Shuxiao.Cit.csproj", "{418DDCB6-8DF9-4F83-A659-FBCF7B77A45C}"
EndProject
Project("{FAE04EC0-301F-11D3-BF4B-00C04F79EFBC}") = "Shuxiao.Cit.Test", "Shuxiao.Cit.Test\Shuxiao.Cit.Test.csproj", "{A62C32AE-AEA1-4937-9077-85CC027EB799}"
EndProject
Global
	GlobalSection(SolutionConfigurationPlatforms) = preSolution
		Debug|Any CPU = Debug|Any CPU
		Release|Any CPU = Release|Any CPU
	EndGlobalSection
	GlobalSection(ProjectConfigurationPlatforms) = postSolution
		{418DDCB6-8DF9-4F83-A659-FBCF7B77A45C}.Debug|Any CPU.ActiveCfg = Debug|Any CPU
		{418DDCB6-8DF9-4F83-A659-FBCF7B77A45C}.Debug|Any CPU.Build.0 = Debug|Any CPU
		{418DDCB6-8DF9-4F83-A659-FBCF7B77A45C}.Release|Any CPU.ActiveCfg = Release|Any CPU
		{418DDCB6-8DF9-4F83-A659-FBCF7B77A45C}.Release|Any CPU.Build.0 = Release|Any CPU
		{A62C32AE-AEA1-4937-9077-85CC027EB799}.Debug|Any CPU.ActiveCfg = Debug|Any CPU
		{A62C32AE-AEA1-4937-9077-85CC027EB799}.Debug|Any CPU.Build.0 = Debug|Any CPU
		{A62C32AE-AEA1-4937-9077-85CC027EB799}.Release|Any CPU.ActiveCfg = Release|Any CPU
		{A62C32AE-AEA1-4937-9077-85CC027EB799}.Release|Any CPU.Build.0 = Release|Any CPU
	EndGlobalSection
	GlobalSection(SolutionProperties) = preSolution
		HideSolutionNode = FALSE
	EndGlobalSection
	GlobalSection(ExtensibilityGlobals) = postSolution
		SolutionGuid = {12FFCCFB-7C2E-4A12-9182-B92D81A83ED3}
	EndGlobalSection
EndGlobal
